
Microsoft Visual Studio Solution File, Format Version 11.00
# Visual Studio 2010
Project("{FAE04EC0-301F-11D3-BF4B-00C04F79EFBC}") = "TigerNET", "TigerNET\TigerNET.csproj", "{78599D52-D3AA-47E4-ACB7-A9E7A4AEB4C4}"
EndProject
Project("{FAE04EC0-301F-11D3-BF4B-00C04F79EFBC}") = "TigerNET.AST", "TigerNET.AST\TigerNET.AST.csproj", "{AA13FB85-8458-4F50-B26D-99F11233EADD}"
EndProject
Project("{FAE04EC0-301F-11D3-BF4B-00C04F79EFBC}") = "TigerNET.Common", "TigerNET.Common\TigerNET.Common.csproj", "{B783BABF-1096-42D3-9E26-05486E27EAF9}"
EndProject
Project("{FAE04EC0-301F-11D3-BF4B-00C04F79EFBC}") = "TigerNET.Parser", "TigerNET.Parser\TigerNET.Parser.csproj", "{955657CF-0443-45B1-8B04-DC95335A0727}"
EndProject
Project("{FAE04EC0-301F-11D3-BF4B-00C04F79EFBC}") = "TigerNET.Core", "TigerNET.Core\TigerNET.Core.csproj", "{4B8AB9AE-7CA9-476B-AAEA-F9C795BA71A4}"
EndProject
Global
	GlobalSection(SolutionConfigurationPlatforms) = preSolution
		Debug|Any CPU = Debug|Any CPU
		Debug|Mixed Platforms = Debug|Mixed Platforms
		Debug|x86 = Debug|x86
		Release|Any CPU = Release|Any CPU
		Release|Mixed Platforms = Release|Mixed Platforms
		Release|x86 = Release|x86
	EndGlobalSection
	GlobalSection(ProjectConfigurationPlatforms) = postSolution
		{78599D52-D3AA-47E4-ACB7-A9E7A4AEB4C4}.Debug|Any CPU.ActiveCfg = Debug|x86
		{78599D52-D3AA-47E4-ACB7-A9E7A4AEB4C4}.Debug|Mixed Platforms.ActiveCfg = Debug|x86
		{78599D52-D3AA-47E4-ACB7-A9E7A4AEB4C4}.Debug|Mixed Platforms.Build.0 = Debug|x86
		{78599D52-D3AA-47E4-ACB7-A9E7A4AEB4C4}.Debug|x86.ActiveCfg = Debug|x86
		{78599D52-D3AA-47E4-ACB7-A9E7A4AEB4C4}.Debug|x86.Build.0 = Debug|x86
		{78599D52-D3AA-47E4-ACB7-A9E7A4AEB4C4}.Release|Any CPU.ActiveCfg = Release|x86
		{78599D52-D3AA-47E4-ACB7-A9E7A4AEB4C4}.Release|Mixed Platforms.ActiveCfg = Release|x86
		{78599D52-D3AA-47E4-ACB7-A9E7A4AEB4C4}.Release|Mixed Platforms.Build.0 = Release|x86
		{78599D52-D3AA-47E4-ACB7-A9E7A4AEB4C4}.Release|x86.ActiveCfg = Release|x86
		{78599D52-D3AA-47E4-ACB7-A9E7A4AEB4C4}.Release|x86.Build.0 = Release|x86
		{AA13FB85-8458-4F50-B26D-99F11233EADD}.Debug|Any CPU.ActiveCfg = Debug|Any CPU
		{AA13FB85-8458-4F50-B26D-99F11233EADD}.Debug|Any CPU.Build.0 = Debug|Any CPU
		{AA13FB85-8458-4F50-B26D-99F11233EADD}.Debug|Mixed Platforms.ActiveCfg = Debug|Any CPU
		{AA13FB85-8458-4F50-B26D-99F11233EADD}.Debug|Mixed Platforms.Build.0 = Debug|Any CPU
		{AA13FB85-8458-4F50-B26D-99F11233EADD}.Debug|x86.ActiveCfg = Debug|Any CPU
		{AA13FB85-8458-4F50-B26D-99F11233EADD}.Release|Any CPU.ActiveCfg = Release|Any CPU
		{AA13FB85-8458-4F50-B26D-99F11233EADD}.Release|Any CPU.Build.0 = Release|Any CPU
		{AA13FB85-8458-4F50-B26D-99F11233EADD}.Release|Mixed Platforms.ActiveCfg = Release|Any CPU
		{AA13FB85-8458-4F50-B26D-99F11233EADD}.Release|Mixed Platforms.Build.0 = Release|Any CPU
		{AA13FB85-8458-4F50-B26D-99F11233EADD}.Release|x86.ActiveCfg = Release|Any CPU
		{B783BABF-1096-42D3-9E26-05486E27EAF9}.Debug|Any CPU.ActiveCfg = Debug|Any CPU
		{B783BABF-1096-42D3-9E26-05486E27EAF9}.Debug|Any CPU.Build.0 = Debug|Any CPU
		{B783BABF-1096-42D3-9E26-05486E27EAF9}.Debug|Mixed Platforms.ActiveCfg = Debug|Any CPU
		{B783BABF-1096-42D3-9E26-05486E27EAF9}.Debug|Mixed Platforms.Build.0 = Debug|Any CPU
		{B783BABF-1096-42D3-9E26-05486E27EAF9}.Debug|x86.ActiveCfg = Debug|Any CPU
		{B783BABF-1096-42D3-9E26-05486E27EAF9}.Release|Any CPU.ActiveCfg = Release|Any CPU
		{B783BABF-1096-42D3-9E26-05486E27EAF9}.Release|Any CPU.Build.0 = Release|Any CPU
		{B783BABF-1096-42D3-9E26-05486E27EAF9}.Release|Mixed Platforms.ActiveCfg = Release|Any CPU
		{B783BABF-1096-42D3-9E26-05486E27EAF9}.Release|Mixed Platforms.Build.0 = Release|Any CPU
		{B783BABF-1096-42D3-9E26-05486E27EAF9}.Release|x86.ActiveCfg = Release|Any CPU
		{955657CF-0443-45B1-8B04-DC95335A0727}.Debug|Any CPU.ActiveCfg = Debug|Any CPU
		{955657CF-0443-45B1-8B04-DC95335A0727}.Debug|Any CPU.Build.0 = Debug|Any CPU
		{955657CF-0443-45B1-8B04-DC95335A0727}.Debug|Mixed Platforms.ActiveCfg = Debug|Any CPU
		{955657CF-0443-45B1-8B04-DC95335A0727}.Debug|Mixed Platforms.Build.0 = Debug|Any CPU
		{955657CF-0443-45B1-8B04-DC95335A0727}.Debug|x86.ActiveCfg = Debug|Any CPU
		{955657CF-0443-45B1-8B04-DC95335A0727}.Release|Any CPU.ActiveCfg = Release|Any CPU
		{955657CF-0443-45B1-8B04-DC95335A0727}.Release|Any CPU.Build.0 = Release|Any CPU
		{955657CF-0443-45B1-8B04-DC95335A0727}.Release|Mixed Platforms.ActiveCfg = Release|Any CPU
		{955657CF-0443-45B1-8B04-DC95335A0727}.Release|Mixed Platforms.Build.0 = Release|Any CPU
		{955657CF-0443-45B1-8B04-DC95335A0727}.Release|x86.ActiveCfg = Release|Any CPU
		{4B8AB9AE-7CA9-476B-AAEA-F9C795BA71A4}.Debug|Any CPU.ActiveCfg = Debug|Any CPU
		{4B8AB9AE-7CA9-476B-AAEA-F9C795BA71A4}.Debug|Any CPU.Build.0 = Debug|Any CPU
		{4B8AB9AE-7CA9-476B-AAEA-F9C795BA71A4}.Debug|Mixed Platforms.ActiveCfg = Debug|Any CPU
		{4B8AB9AE-7CA9-476B-AAEA-F9C795BA71A4}.Debug|Mixed Platforms.Build.0 = Debug|Any CPU
		{4B8AB9AE-7CA9-476B-AAEA-F9C795BA71A4}.Debug|x86.ActiveCfg = Debug|Any CPU
		{4B8AB9AE-7CA9-476B-AAEA-F9C795BA71A4}.Release|Any CPU.ActiveCfg = Release|Any CPU
		{4B8AB9AE-7CA9-476B-AAEA-F9C795BA71A4}.Release|Any CPU.Build.0 = Release|Any CPU
		{4B8AB9AE-7CA9-476B-AAEA-F9C795BA71A4}.Release|Mixed Platforms.ActiveCfg = Release|Any CPU
		{4B8AB9AE-7CA9-476B-AAEA-F9C795BA71A4}.Release|Mixed Platforms.Build.0 = Release|Any CPU
		{4B8AB9AE-7CA9-476B-AAEA-F9C795BA71A4}.Release|x86.ActiveCfg = Release|Any CPU
	EndGlobalSection
	GlobalSection(SolutionProperties) = preSolution
		HideSolutionNode = FALSE
	EndGlobalSection
EndGlobal
